
Microsoft Visual Studio Solution File, Format Version 12.00
# Visual Studio Version 16
VisualStudioVersion = 16.0.31205.134
MinimumVisualStudioVersion = 10.0.40219.1
Project("{FAE04EC0-301F-11D3-BF4B-00C04F79EFBC}") = "SignalR Tests", "SignalR Tests.csproj", "{CE7FD77B-94DE-47FE-B58B-5FB0A2147C28}"
EndProject
Global
	GlobalSection(SolutionConfigurationPlatforms) = preSolution
		Debug|Any CPU = Debug|Any CPU
		Release|Any CPU = Release|Any CPU
	EndGlobalSection
	GlobalSection(ProjectConfigurationPlatforms) = postSolution
		{CE7FD77B-94DE-47FE-B58B-5FB0A2147C28}.Debug|Any CPU.ActiveCfg = Debug|Any CPU
		{CE7FD77B-94DE-47FE-B58B-5FB0A2147C28}.Debug|Any CPU.Build.0 = Debug|Any CPU
		{CE7FD77B-94DE-47FE-B58B-5FB0A2147C28}.Release|Any CPU.ActiveCfg = Release|Any CPU
		{CE7FD77B-94DE-47FE-B58B-5FB0A2147C28}.Release|Any CPU.Build.0 = Release|Any CPU
	EndGlobalSection
	GlobalSection(SolutionProperties) = preSolution
		HideSolutionNode = FALSE
	EndGlobalSection
	GlobalSection(ExtensibilityGlobals) = postSolution
		SolutionGuid = {39026168-B047-4833-B9A2-9C25FB0A606C}
	EndGlobalSection
EndGlobal
